
Microsoft Visual Studio Solution File, Format Version 12.00
# Visual Studio Version 16
VisualStudioVersion = 16.0.31402.337
MinimumVisualStudioVersion = 10.0.40219.1
Project("{9A19103F-16F7-4668-BE54-9A1E7A4F7556}") = "Tu_Nuevo_Trabajo2021", "Tu_Nuevo_Trabajo2021.csproj", "{95367552-EAA5-4B62-8151-36105777B753}"
EndProject
Global
	GlobalSection(SolutionConfigurationPlatforms) = preSolution
		Debug|Any CPU = Debug|Any CPU
		Release|Any CPU = Release|Any CPU
	EndGlobalSection
	GlobalSection(ProjectConfigurationPlatforms) = postSolution
		{95367552-EAA5-4B62-8151-36105777B753}.Debug|Any CPU.ActiveCfg = Debug|Any CPU
		{95367552-EAA5-4B62-8151-36105777B753}.Debug|Any CPU.Build.0 = Debug|Any CPU
		{95367552-EAA5-4B62-8151-36105777B753}.Release|Any CPU.ActiveCfg = Release|Any CPU
		{95367552-EAA5-4B62-8151-36105777B753}.Release|Any CPU.Build.0 = Release|Any CPU
	EndGlobalSection
	GlobalSection(SolutionProperties) = preSolution
		HideSolutionNode = FALSE
	EndGlobalSection
	GlobalSection(ExtensibilityGlobals) = postSolution
		SolutionGuid = {8A4D227B-D706-4820-A369-E95F0E0E09A2}
	EndGlobalSection
EndGlobal
